{
  "name": "xecu5",
  "version": "5.0.0",
  "lockfileVersion": 1,
  "requires": true,
  "dependencies": {
    "@types/node": {
      "version": "14.0.13",
      "resolved": "https://registry.npm.taobao.org/@types/node/download/@types/node-14.0.13.tgz?cache=0&sync_timestamp=1591734888739&other_urls=https%3A%2F%2Fregistry.npm.taobao.org%2F%40types%2Fnode%2Fdownload%2F%40types%2Fnode-14.0.13.tgz",
      "integrity": "sha1-7hEo6IG4dMNxN0wfciAYk2FkF8k="
    },
    "@types/ws": {
      "version": "7.2.5",
      "resolved": "https://registry.npm.taobao.org/@types/ws/download/@types/ws-7.2.5.tgz?cache=0&other_urls=https%3A%2F%2Fregistry.npm.taobao.org%2F%40types%2Fws%2Fdownload%2F%40types%2Fws-7.2.5.tgz",
      "integrity": "sha1-UT8osEoeoaqdwsrT8m6ON8iKrkk=",
      "requires": {
        "@types/node": "*"
      }
    },
    "axios": {
      "version": "0.19.2",
      "resolved": "https://registry.npm.taobao.org/axios/download/axios-0.19.2.tgz",
      "integrity": "sha1-PqNsXYgY0NX4qKl6bTa4bNwAyyc=",
      "requires": {
        "follow-redirects": "1.5.10"
      }
    },
    "debug": {
      "version": "3.1.0",
      "resolved": "https://registry.npm.taobao.org/debug/download/debug-3.1.0.tgz",
      "integrity": "sha1-W7WgZyYotkFJVmuhaBnmFRjGcmE=",
      "requires": {
        "ms": "2.0.0"
      }
    },
    "follow-redirects": {
      "version": "1.5.10",
      "resolved": "https://registry.npm.taobao.org/follow-redirects/download/follow-redirects-1.5.10.tgz?cache=0&sync_timestamp=1592518405361&other_urls=https%3A%2F%2Fregistry.npm.taobao.org%2Ffollow-redirects%2Fdownload%2Ffollow-redirects-1.5.10.tgz",
      "integrity": "sha1-e3qfmuov3/NnhqlP9kPtB/T/Xio=",
      "requires": {
        "debug": "=3.1.0"
      }
    },
    "ms": {
      "version": "2.0.0",
      "resolved": "https://registry.npm.taobao.org/ms/download/ms-2.0.0.tgz",
      "integrity": "sha1-VgiurfwAvmwpAd9fmGF4jeDVl8g="
    },
    "typescript": {
      "version": "3.9.5",
      "resolved": "https://registry.npm.taobao.org/typescript/download/typescript-3.9.5.tgz",
      "integrity": "sha1-WG8NujAM3ovlLdGsT34QCcGxPzY=",
      "dev": true
    },
    "ws": {
      "version": "7.3.0",
      "resolved": "https://registry.npm.taobao.org/ws/download/ws-7.3.0.tgz",
      "integrity": "sha1-Sy9/IZs9Nze8Gi+/FF2CW5TTj/0="
    },
    "ws-bot-manager": {
      "version": "0.1.0",
      "resolved": "https://registry.npm.taobao.org/ws-bot-manager/download/ws-bot-manager-0.1.0.tgz",
      "integrity": "sha1-lQPVMT+sAtl+rYjOzEO0JBj5cp0=",
      "requires": {
        "@types/ws": "^7.2.3",
        "ws": "^7.2.3"
      }
    }
  }
}
